
Microsoft Visual Studio Solution File, Format Version 12.00
# Visual Studio Version 17
VisualStudioVersion = 17.13.35825.156 d17.13
MinimumVisualStudioVersion = 10.0.40219.1
Project("{FAE04EC0-301F-11D3-BF4B-00C04F79EFBC}") = "ToDoList.App", "ToDoList.App\ToDoList.App.csproj", "{2EB471B8-9615-4249-AA2B-8BD31D76A22F}"
EndProject
Global
	GlobalSection(SolutionConfigurationPlatforms) = preSolution
		Debug|Any CPU = Debug|Any CPU
		Release|Any CPU = Release|Any CPU
	EndGlobalSection
	GlobalSection(ProjectConfigurationPlatforms) = postSolution
		{2EB471B8-9615-4249-AA2B-8BD31D76A22F}.Debug|Any CPU.ActiveCfg = Debug|Any CPU
		{2EB471B8-9615-4249-AA2B-8BD31D76A22F}.Debug|Any CPU.Build.0 = Debug|Any CPU
		{2EB471B8-9615-4249-AA2B-8BD31D76A22F}.Release|Any CPU.ActiveCfg = Release|Any CPU
		{2EB471B8-9615-4249-AA2B-8BD31D76A22F}.Release|Any CPU.Build.0 = Release|Any CPU
	EndGlobalSection
	GlobalSection(SolutionProperties) = preSolution
		HideSolutionNode = FALSE
	EndGlobalSection
	GlobalSection(ExtensibilityGlobals) = postSolution
		SolutionGuid = {95BFBBC9-E935-4DB2-9306-33206AFCFCD6}
	EndGlobalSection
EndGlobal
